// !$*UTF8*$!
{
	archiveVersion = 1;
	classes = {
	};
	objectVersion = 48;
	objects = {

/* Begin PBXBuildFile section */
		7C8F8E261FC6BB79004ED05D /* AppDelegate.m in Sources */ = {isa = PBXBuildFile; fileRef = 7C8F8E251FC6BB79004ED05D /* AppDelegate.m */; };
		7C8F8E291FC6BB7A004ED05D /* ViewController.m in Sources */ = {isa = PBXBuildFile; fileRef = 7C8F8E281FC6BB7A004ED05D /* ViewController.m */; };
		7C8F8E2C1FC6BB7A004ED05D /* Main.storyboard in Resources */ = {isa = PBXBuildFile; fileRef = 7C8F8E2A1FC6BB7A004ED05D /* Main.storyboard */; };
		7C8F8E2E1FC6BB7B004ED05D /* Assets.xcassets in Resources */ = {isa = PBXBuildFile; fileRef = 7C8F8E2D1FC6BB7B004ED05D /* Assets.xcassets */; };
		7C8F8E311FC6BB7B004ED05D /* LaunchScreen.storyboard in Resources */ = {isa = PBXBuildFile; fileRef = 7C8F8E2F1FC6BB7B004ED05D /* LaunchScreen.storyboard */; };
		7C8F8E341FC6BB7C004ED05D /* main.m in Sources */ = {isa = PBXBuildFile; fileRef = 7C8F8E331FC6BB7C004ED05D /* main.m */; };
		7C8F8E3E1FC6BB7C004ED05D /* ZWMSegmentControllerUITests.m in Sources */ = {isa = PBXBuildFile; fileRef = 7C8F8E3D1FC6BB7C004ED05D /* ZWMSegmentControllerUITests.m */; };
		7C8F8E4A1FC6BBCA004ED05D /* FirstViewController.m in Sources */ = {isa = PBXBuildFile; fileRef = 7C8F8E491FC6BBCA004ED05D /* FirstViewController.m */; };
		7C8F8E4E1FC6BBF9004ED05D /* SecondViewController.m in Sources */ = {isa = PBXBuildFile; fileRef = 7C8F8E4D1FC6BBF9004ED05D /* SecondViewController.m */; };
		7C8F8E511FC6BC0D004ED05D /* ThirdViewController.m in Sources */ = {isa = PBXBuildFile; fileRef = 7C8F8E501FC6BC0D004ED05D /* ThirdViewController.m */; };
		7C8F8E541FC6BC69004ED05D /* ZWMSegmentController.m in Sources */ = {isa = PBXBuildFile; fileRef = 7C8F8E531FC6BC69004ED05D /* ZWMSegmentController.m */; };
		7C8F8E571FC6BCEA004ED05D /* ZWMSegmentView.m in Sources */ = {isa = PBXBuildFile; fileRef = 7C8F8E561FC6BCEA004ED05D /* ZWMSegmentView.m */; };
		7C8F8E5A1FC6BD35004ED05D /* UIView+ZWMBadge.m in Sources */ = {isa = PBXBuildFile; fileRef = 7C8F8E591FC6BD35004ED05D /* UIView+ZWMBadge.m */; };
/* End PBXBuildFile section */

/* Begin PBXContainerItemProxy section */
		7C8F8E3A1FC6BB7C004ED05D /* PBXContainerItemProxy */ = {
			isa = PBXContainerItemProxy;
			containerPortal = 7C8F8E191FC6BB78004ED05D /* Project object */;
			proxyType = 1;
			remoteGlobalIDString = 7C8F8E201FC6BB78004ED05D;
			remoteInfo = ZWMSegmentController;
		};
/* End PBXContainerItemProxy section */

/* Begin PBXFileReference section */
		7C8F8E211FC6BB78004ED05D /* ZWMSegmentController.app */ = {isa = PBXFileReference; explicitFileType = wrapper.application; includeInIndex = 0; path = ZWMSegmentController.app; sourceTree = BUILT_PRODUCTS_DIR; };
		7C8F8E241FC6BB79004ED05D /* AppDelegate.h */ = {isa = PBXFileReference; lastKnownFileType = sourcecode.c.h; path = AppDelegate.h; sourceTree = "<group>"; };
		7C8F8E251FC6BB79004ED05D /* AppDelegate.m */ = {isa = PBXFileReference; lastKnownFileType = sourcecode.c.objc; path = AppDelegate.m; sourceTree = "<group>"; };
		7C8F8E271FC6BB7A004ED05D /* ViewController.h */ = {isa = PBXFileReference; lastKnownFileType = sourcecode.c.h; path = ViewController.h; sourceTree = "<group>"; };
		7C8F8E281FC6BB7A004ED05D /* ViewController.m */ = {isa = PBXFileReference; lastKnownFileType = sourcecode.c.objc; path = ViewController.m; sourceTree = "<group>"; };
		7C8F8E2B1FC6BB7A004ED05D /* Base */ = {isa = PBXFileReference; lastKnownFileType = file.storyboard; name = Base; path = Base.lproj/Main.storyboard; sourceTree = "<group>"; };
		7C8F8E2D1FC6BB7B004ED05D /* Assets.xcassets */ = {isa = PBXFileReference; lastKnownFileType = folder.assetcatalog; path = Assets.xcassets; sourceTree = "<group>"; };
		7C8F8E301FC6BB7B004ED05D /* Base */ = {isa = PBXFileReference; lastKnownFileType = file.storyboard; name = Base; path = Base.lproj/LaunchScreen.storyboard; sourceTree = "<group>"; };
		7C8F8E321FC6BB7B004ED05D /* Info.plist */ = {isa = PBXFileReference; lastKnownFileType = text.plist.xml; path = Info.plist; sourceTree = "<group>"; };
		7C8F8E331FC6BB7C004ED05D /* main.m */ = {isa = PBXFileReference; lastKnownFileType = sourcecode.c.objc; path = main.m; sourceTree = "<group>"; };
		7C8F8E391FC6BB7C004ED05D /* ZWMSegmentControllerUITests.xctest */ = {isa = PBXFileReference; explicitFileType = wrapper.cfbundle; includeInIndex = 0; path = ZWMSegmentControllerUITests.xctest; sourceTree = BUILT_PRODUCTS_DIR; };
		7C8F8E3D1FC6BB7C004ED05D /* ZWMSegmentControllerUITests.m */ = {isa = PBXFileReference; lastKnownFileType = sourcecode.c.objc; path = ZWMSegmentControllerUITests.m; sourceTree = "<group>"; };
		7C8F8E3F1FC6BB7C004ED05D /* Info.plist */ = {isa = PBXFileReference; lastKnownFileType = text.plist.xml; path = Info.plist; sourceTree = "<group>"; };
		7C8F8E481FC6BBCA004ED05D /* FirstViewController.h */ = {isa = PBXFileReference; lastKnownFileType = sourcecode.c.h; path = FirstViewController.h; sourceTree = "<group>"; };
		7C8F8E491FC6BBCA004ED05D /* FirstViewController.m */ = {isa = PBXFileReference; lastKnownFileType = sourcecode.c.objc; path = FirstViewController.m; sourceTree = "<group>"; };
		7C8F8E4C1FC6BBF9004ED05D /* SecondViewController.h */ = {isa = PBXFileReference; lastKnownFileType = sourcecode.c.h; path = SecondViewController.h; sourceTree = "<group>"; };
		7C8F8E4D1FC6BBF9004ED05D /* SecondViewController.m */ = {isa = PBXFileReference; lastKnownFileType = sourcecode.c.objc; path = SecondViewController.m; sourceTree = "<group>"; };
		7C8F8E4F1FC6BC0D004ED05D /* ThirdViewController.h */ = {isa = PBXFileReference; lastKnownFileType = sourcecode.c.h; path = ThirdViewController.h; sourceTree = "<group>"; };
		7C8F8E501FC6BC0D004ED05D /* ThirdViewController.m */ = {isa = PBXFileReference; lastKnownFileType = sourcecode.c.objc; path = ThirdViewController.m; sourceTree = "<group>"; };
		7C8F8E521FC6BC69004ED05D /* ZWMSegmentController.h */ = {isa = PBXFileReference; lastKnownFileType = sourcecode.c.h; path = ZWMSegmentController.h; sourceTree = "<group>"; };
		7C8F8E531FC6BC69004ED05D /* ZWMSegmentController.m */ = {isa = PBXFileReference; lastKnownFileType = sourcecode.c.objc; path = ZWMSegmentController.m; sourceTree = "<group>"; };
		7C8F8E551FC6BCEA004ED05D /* ZWMSegmentView.h */ = {isa = PBXFileReference; lastKnownFileType = sourcecode.c.h; path = ZWMSegmentView.h; sourceTree = "<group>"; };
		7C8F8E561FC6BCEA004ED05D /* ZWMSegmentView.m */ = {isa = PBXFileReference; lastKnownFileType = sourcecode.c.objc; path = ZWMSegmentView.m; sourceTree = "<group>"; };
		7C8F8E581FC6BD35004ED05D /* UIView+ZWMBadge.h */ = {isa = PBXFileReference; lastKnownFileType = sourcecode.c.h; path = "UIView+ZWMBadge.h"; sourceTree = "<group>"; };
		7C8F8E591FC6BD35004ED05D /* UIView+ZWMBadge.m */ = {isa = PBXFileReference; lastKnownFileType = sourcecode.c.objc; path = "UIView+ZWMBadge.m"; sourceTree = "<group>"; };
		7CDBE1BA1FC7B889007AC7F8 /* segment.gif */ = {isa = PBXFileReference; lastKnownFileType = image.gif; path = segment.gif; sourceTree = SOURCE_ROOT; };
/* End PBXFileReference section */

/* Begin PBXFrameworksBuildPhase section */
		7C8F8E1E1FC6BB78004ED05D /* Frameworks */ = {
			isa = PBXFrameworksBuildPhase;
			buildActionMask = 2147483647;
			files = (
			);
			runOnlyForDeploymentPostprocessing = 0;
		};
		7C8F8E361FC6BB7C004ED05D /* Frameworks */ = {
			isa = PBXFrameworksBuildPhase;
			buildActionMask = 2147483647;
			files = (
			);
			runOnlyForDeploymentPostprocessing = 0;
		};
/* End PBXFrameworksBuildPhase section */

/* Begin PBXGroup section */
		7C8F8E181FC6BB77004ED05D = {
			isa = PBXGroup;
			children = (
				7C8F8E231FC6BB78004ED05D /* ZWMSegmentController */,
				7C8F8E3C1FC6BB7C004ED05D /* ZWMSegmentControllerUITests */,
				7C8F8E221FC6BB78004ED05D /* Products */,
			);
			sourceTree = "<group>";
		};
		7C8F8E221FC6BB78004ED05D /* Products */ = {
			isa = PBXGroup;
			children = (
				7C8F8E211FC6BB78004ED05D /* ZWMSegmentController.app */,
				7C8F8E391FC6BB7C004ED05D /* ZWMSegmentControllerUITests.xctest */,
			);
			name = Products;
			sourceTree = "<group>";
		};
		7C8F8E231FC6BB78004ED05D /* ZWMSegmentController */ = {
			isa = PBXGroup;
			children = (
				7C8F8E4B1FC6BBD9004ED05D /* ZWMSegment */,
				7C8F8E241FC6BB79004ED05D /* AppDelegate.h */,
				7C8F8E251FC6BB79004ED05D /* AppDelegate.m */,
				7C8F8E271FC6BB7A004ED05D /* ViewController.h */,
				7C8F8E281FC6BB7A004ED05D /* ViewController.m */,
				7C8F8E481FC6BBCA004ED05D /* FirstViewController.h */,
				7C8F8E491FC6BBCA004ED05D /* FirstViewController.m */,
				7C8F8E4C1FC6BBF9004ED05D /* SecondViewController.h */,
				7C8F8E4D1FC6BBF9004ED05D /* SecondViewController.m */,
				7C8F8E4F1FC6BC0D004ED05D /* ThirdViewController.h */,
				7C8F8E501FC6BC0D004ED05D /* ThirdViewController.m */,
				7C8F8E2A1FC6BB7A004ED05D /* Main.storyboard */,
				7C8F8E2D1FC6BB7B004ED05D /* Assets.xcassets */,
				7C8F8E2F1FC6BB7B004ED05D /* LaunchScreen.storyboard */,
				7CDBE1BA1FC7B889007AC7F8 /* segment.gif */,
				7C8F8E321FC6BB7B004ED05D /* Info.plist */,
				7C8F8E331FC6BB7C004ED05D /* main.m */,
			);
			path = ZWMSegmentController;
			sourceTree = "<group>";
		};
		7C8F8E3C1FC6BB7C004ED05D /* ZWMSegmentControllerUITests */ = {
			isa = PBXGroup;
			children = (
				7C8F8E3D1FC6BB7C004ED05D /* ZWMSegmentControllerUITests.m */,
				7C8F8E3F1FC6BB7C004ED05D /* Info.plist */,
			);
			path = ZWMSegmentControllerUITests;
			sourceTree = "<group>";
		};
		7C8F8E4B1FC6BBD9004ED05D /* ZWMSegment */ = {
			isa = PBXGroup;
			children = (
				7C8F8E521FC6BC69004ED05D /* ZWMSegmentController.h */,
				7C8F8E531FC6BC69004ED05D /* ZWMSegmentController.m */,
				7C8F8E551FC6BCEA004ED05D /* ZWMSegmentView.h */,
				7C8F8E561FC6BCEA004ED05D /* ZWMSegmentView.m */,
				7C8F8E581FC6BD35004ED05D /* UIView+ZWMBadge.h */,
				7C8F8E591FC6BD35004ED05D /* UIView+ZWMBadge.m */,
			);
			path = ZWMSegment;
			sourceTree = "<group>";
		};
/* End PBXGroup section */

/* Begin PBXNativeTarget section */
		7C8F8E201FC6BB78004ED05D /* ZWMSegmentController */ = {
			isa = PBXNativeTarget;
			buildConfigurationList = 7C8F8E421FC6BB7C004ED05D /* Build configuration list for PBXNativeTarget "ZWMSegmentController" */;
			buildPhases = (
				7C8F8E1D1FC6BB78004ED05D /* Sources */,
				7C8F8E1E1FC6BB78004ED05D /* Frameworks */,
				7C8F8E1F1FC6BB78004ED05D /* Resources */,
			);
			buildRules = (
			);
			dependencies = (
			);
			name = ZWMSegmentController;
			productName = ZWMSegmentController;
			productReference = 7C8F8E211FC6BB78004ED05D /* ZWMSegmentController.app */;
			productType = "com.apple.product-type.application";
		};
		7C8F8E381FC6BB7C004ED05D /* ZWMSegmentControllerUITests */ = {
			isa = PBXNativeTarget;
			buildConfigurationList = 7C8F8E451FC6BB7C004ED05D /* Build configuration list for PBXNativeTarget "ZWMSegmentControllerUITests" */;
			buildPhases = (
				7C8F8E351FC6BB7C004ED05D /* Sources */,
				7C8F8E361FC6BB7C004ED05D /* Frameworks */,
				7C8F8E371FC6BB7C004ED05D /* Resources */,
			);
			buildRules = (
			);
			dependencies = (
				7C8F8E3B1FC6BB7C004ED05D /* PBXTargetDependency */,
			);
			name = ZWMSegmentControllerUITests;
			productName = ZWMSegmentControllerUITests;
			productReference = 7C8F8E391FC6BB7C004ED05D /* ZWMSegmentControllerUITests.xctest */;
			productType = "com.apple.product-type.bundle.ui-testing";
		};
/* End PBXNativeTarget section */

/* Begin PBXProject section */
		7C8F8E191FC6BB78004ED05D /* Project object */ = {
			isa = PBXProject;
			attributes = {
				LastUpgradeCheck = 0900;
				ORGANIZATIONNAME = com.zhongzhou;
				TargetAttributes = {
					7C8F8E201FC6BB78004ED05D = {
						CreatedOnToolsVersion = 9.0;
						ProvisioningStyle = Automatic;
					};
					7C8F8E381FC6BB7C004ED05D = {
						CreatedOnToolsVersion = 9.0;
						ProvisioningStyle = Automatic;
						TestTargetID = 7C8F8E201FC6BB78004ED05D;
					};
				};
			};
			buildConfigurationList = 7C8F8E1C1FC6BB78004ED05D /* Build configuration list for PBXProject "ZWMSegmentController" */;
			compatibilityVersion = "Xcode 8.0";
			developmentRegion = en;
			hasScannedForEncodings = 0;
			knownRegions = (
				en,
				Base,
			);
			mainGroup = 7C8F8E181FC6BB77004ED05D;
			productRefGroup = 7C8F8E221FC6BB78004ED05D /* Products */;
			projectDirPath = "";
			projectRoot = "";
			targets = (
				7C8F8E201FC6BB78004ED05D /* ZWMSegmentController */,
				7C8F8E381FC6BB7C004ED05D /* ZWMSegmentControllerUITests */,
			);
		};
/* End PBXProject section */

/* Begin PBXResourcesBuildPhase section */
		7C8F8E1F1FC6BB78004ED05D /* Resources */ = {
			isa = PBXResourcesBuildPhase;
			buildActionMask = 2147483647;
			files = (
				7C8F8E311FC6BB7B004ED05D /* LaunchScreen.storyboard in Resources */,
				7C8F8E2E1FC6BB7B004ED05D /* Assets.xcassets in Resources */,
				7C8F8E2C1FC6BB7A004ED05D /* Main.storyboard in Resources */,
			);
			runOnlyForDeploymentPostprocessing = 0;
		};
		7C8F8E371FC6BB7C004ED05D /* Resources */ = {
			isa = PBXResourcesBuildPhase;
			buildActionMask = 2147483647;
			files = (
			);
			runOnlyForDeploymentPostprocessing = 0;
		};
/* End PBXResourcesBuildPhase section */

/* Begin PBXSourcesBuildPhase section */
		7C8F8E1D1FC6BB78004ED05D /* Sources */ = {
			isa = PBXSourcesBuildPhase;
			buildActionMask = 2147483647;
			files = (
				7C8F8E4E1FC6BBF9004ED05D /* SecondViewController.m in Sources */,
				7C8F8E291FC6BB7A004ED05D /* ViewController.m in Sources */,
				7C8F8E511FC6BC0D004ED05D /* ThirdViewController.m in Sources */,
				7C8F8E341FC6BB7C004ED05D /* main.m in Sources */,
				7C8F8E5A1FC6BD35004ED05D /* UIView+ZWMBadge.m in Sources */,
				7C8F8E261FC6BB79004ED05D /* AppDelegate.m in Sources */,
				7C8F8E541FC6BC69004ED05D /* ZWMSegmentController.m in Sources */,
				7C8F8E4A1FC6BBCA004ED05D /* FirstViewController.m in Sources */,
				7C8F8E571FC6BCEA004ED05D /* ZWMSegmentView.m in Sources */,
			);
			runOnlyForDeploymentPostprocessing = 0;
		};
		7C8F8E351FC6BB7C004ED05D /* Sources */ = {
			isa = PBXSourcesBuildPhase;
			buildActionMask = 2147483647;
			files = (
				7C8F8E3E1FC6BB7C004ED05D /* ZWMSegmentControllerUITests.m in Sources */,
			);
			runOnlyForDeploymentPostprocessing = 0;
		};
/* End PBXSourcesBuildPhase section */

/* Begin PBXTargetDependency section */
		7C8F8E3B1FC6BB7C004ED05D /* PBXTargetDependency */ = {
			isa = PBXTargetDependency;
			target = 7C8F8E201FC6BB78004ED05D /* ZWMSegmentController */;
			targetProxy = 7C8F8E3A1FC6BB7C004ED05D /* PBXContainerItemProxy */;
		};
/* End PBXTargetDependency section */

/* Begin PBXVariantGroup section */
		7C8F8E2A1FC6BB7A004ED05D /* Main.storyboard */ = {
			isa = PBXVariantGroup;
			children = (
				7C8F8E2B1FC6BB7A004ED05D /* Base */,
			);
			name = Main.storyboard;
			sourceTree = "<group>";
		};
		7C8F8E2F1FC6BB7B004ED05D /* LaunchScreen.storyboard */ = {
			isa = PBXVariantGroup;
			children = (
				7C8F8E301FC6BB7B004ED05D /* Base */,
			);
			name = LaunchScreen.storyboard;
			sourceTree = "<group>";
		};
/* End PBXVariantGroup section */

/* Begin XCBuildConfiguration section */
		7C8F8E401FC6BB7C004ED05D /* Debug */ = {
			isa = XCBuildConfiguration;
			buildSettings = {
				ALWAYS_SEARCH_USER_PATHS = NO;
				CLANG_ANALYZER_NONNULL = YES;
				CLANG_ANALYZER_NUMBER_OBJECT_CONVERSION = YES_AGGRESSIVE;
				CLANG_CXX_LANGUAGE_STANDARD = "gnu++14";
				CLANG_CXX_LIBRARY = "libc++";
				CLANG_ENABLE_MODULES = YES;
				CLANG_ENABLE_OBJC_ARC = YES;
				CLANG_WARN_BLOCK_CAPTURE_AUTORELEASING = YES;
				CLANG_WARN_BOOL_CONVERSION = YES;
				CLANG_WARN_COMMA = YES;
				CLANG_WARN_CONSTANT_CONVERSION = YES;
				CLANG_WARN_DIRECT_OBJC_ISA_USAGE = YES_ERROR;
				CLANG_WARN_DOCUMENTATION_COMMENTS = YES;
				CLANG_WARN_EMPTY_BODY = YES;
				CLANG_WARN_ENUM_CONVERSION = YES;
				CLANG_WARN_INFINITE_RECURSION = YES;
				CLANG_WARN_INT_CONVERSION = YES;
				CLANG_WARN_NON_LITERAL_NULL_CONVERSION = YES;
				CLANG_WARN_OBJC_LITERAL_CONVERSION = YES;
				CLANG_WARN_OBJC_ROOT_CLASS = YES_ERROR;
				CLANG_WARN_RANGE_LOOP_ANALYSIS = YES;
				CLANG_WARN_STRICT_PROTOTYPES = YES;
				CLANG_WARN_SUSPICIOUS_MOVE = YES;
				CLANG_WARN_UNGUARDED_AVAILABILITY = YES_AGGRESSIVE;
				CLANG_WARN_UNREACHABLE_CODE = YES;
				CLANG_WARN__DUPLICATE_METHOD_MATCH = YES;
				CODE_SIGN_IDENTITY = "iPhone Developer";
				COPY_PHASE_STRIP = NO;
				DEBUG_INFORMATION_FORMAT = dwarf;
				ENABLE_STRICT_OBJC_MSGSEND = YES;
				ENABLE_TESTABILITY = YES;
				GCC_C_LANGUAGE_STANDARD = gnu11;
				GCC_DYNAMIC_NO_PIC = NO;
				GCC_NO_COMMON_BLOCKS = YES;
				GCC_OPTIMIZATION_LEVEL = 0;
				GCC_PREPROCESSOR_DEFINITIONS = (
					"DEBUG=1",
					"$(inherited)",
				);
				GCC_WARN_64_TO_32_BIT_CONVERSION = YES;
				GCC_WARN_ABOUT_RETURN_TYPE = YES_ERROR;
				GCC_WARN_UNDECLARED_SELECTOR = YES;
				GCC_WARN_UNINITIALIZED_AUTOS = YES_AGGRESSIVE;
				GCC_WARN_UNUSED_FUNCTION = YES;
				GCC_WARN_UNUSED_VARIABLE = YES;
				IPHONEOS_DEPLOYMENT_TARGET = 11.0;
				MTL_ENABLE_DEBUG_INFO = YES;
				ONLY_ACTIVE_ARCH = YES;
				SDKROOT = iphoneos;
			};
			name = Debug;
		};
		7C8F8E411FC6BB7C004ED05D /* Release */ = {
			isa = XCBuildConfiguration;
			buildSettings = {
				ALWAYS_SEARCH_USER_PATHS = NO;
				CLANG_ANALYZER_NONNULL = YES;
				CLANG_ANALYZER_NUMBER_OBJECT_CONVERSION = YES_AGGRESSIVE;
				CLANG_CXX_LANGUAGE_STANDARD = "gnu++14";
				CLANG_CXX_LIBRARY = "libc++";
				CLANG_ENABLE_MODULES = YES;
				CLANG_ENABLE_OBJC_ARC = YES;
				CLANG_WARN_BLOCK_CAPTURE_AUTORELEASING = YES;
				CLANG_WARN_BOOL_CONVERSION = YES;
				CLANG_WARN_COMMA = YES;
				CLANG_WARN_CONSTANT_CONVERSION = YES;
				CLANG_WARN_DIRECT_OBJC_ISA_USAGE = YES_ERROR;
				CLANG_WARN_DOCUMENTATION_COMMENTS = YES;
				CLANG_WARN_EMPTY_BODY = YES;
				CLANG_WARN_ENUM_CONVERSION = YES;
				CLANG_WARN_INFINITE_RECURSION = YES;
				CLANG_WARN_INT_CONVERSION = YES;
				CLANG_WARN_NON_LITERAL_NULL_CONVERSION = YES;
				CLANG_WARN_OBJC_LITERAL_CONVERSION = YES;
				CLANG_WARN_OBJC_ROOT_CLASS = YES_ERROR;
				CLANG_WARN_RANGE_LOOP_ANALYSIS = YES;
				CLANG_WARN_STRICT_PROTOTYPES = YES;
				CLANG_WARN_SUSPICIOUS_MOVE = YES;
				CLANG_WARN_UNGUARDED_AVAILABILITY = YES_AGGRESSIVE;
				CLANG_WARN_UNREACHABLE_CODE = YES;
				CLANG_WARN__DUPLICATE_METHOD_MATCH = YES;
				CODE_SIGN_IDENTITY = "iPhone Developer";
				COPY_PHASE_STRIP = NO;
				DEBUG_INFORMATION_FORMAT = "dwarf-with-dsym";
				ENABLE_NS_ASSERTIONS = NO;
				ENABLE_STRICT_OBJC_MSGSEND = YES;
				GCC_C_LANGUAGE_STANDARD = gnu11;
				GCC_NO_COMMON_BLOCKS = YES;
				GCC_WARN_64_TO_32_BIT_CONVERSION = YES;
				GCC_WARN_ABOUT_RETURN_TYPE = YES_ERROR;
				GCC_WARN_UNDECLARED_SELECTOR = YES;
				GCC_WARN_UNINITIALIZED_AUTOS = YES_AGGRESSIVE;
				GCC_WARN_UNUSED_FUNCTION = YES;
				GCC_WARN_UNUSED_VARIABLE = YES;
				IPHONEOS_DEPLOYMENT_TARGET = 11.0;
				MTL_ENABLE_DEBUG_INFO = NO;
				SDKROOT = iphoneos;
				VALIDATE_PRODUCT = YES;
			};
			name = Release;
		};
		7C8F8E431FC6BB7C004ED05D /* Debug */ = {
			isa = XCBuildConfiguration;
			buildSettings = {
				ASSETCATALOG_COMPILER_APPICON_NAME = AppIcon;
				CODE_SIGN_STYLE = Automatic;
				DEVELOPMENT_TEAM = 345KV6SH8T;
				INFOPLIST_FILE = ZWMSegmentController/Info.plist;
				IPHONEOS_DEPLOYMENT_TARGET = 9.0;
				LD_RUNPATH_SEARCH_PATHS = "$(inherited) @executable_path/Frameworks";
				PRODUCT_BUNDLE_IDENTIFIER = com.zingrow.ZWMSegmentController;
				PRODUCT_NAME = "$(TARGET_NAME)";
				TARGETED_DEVICE_FAMILY = "1,2";
			};
			name = Debug;
		};
		7C8F8E441FC6BB7C004ED05D /* Release */ = {
			isa = XCBuildConfiguration;
			buildSettings = {
				ASSETCATALOG_COMPILER_APPICON_NAME = AppIcon;
				CODE_SIGN_STYLE = Automatic;
				DEVELOPMENT_TEAM = 345KV6SH8T;
				INFOPLIST_FILE = ZWMSegmentController/Info.plist;
				IPHONEOS_DEPLOYMENT_TARGET = 9.0;
				LD_RUNPATH_SEARCH_PATHS = "$(inherited) @executable_path/Frameworks";
				PRODUCT_BUNDLE_IDENTIFIER = com.zingrow.ZWMSegmentController;
				PRODUCT_NAME = "$(TARGET_NAME)";
				TARGETED_DEVICE_FAMILY = "1,2";
			};
			name = Release;
		};
		7C8F8E461FC6BB7C004ED05D /* Debug */ = {
			isa = XCBuildConfiguration;
			buildSettings = {
				CODE_SIGN_STYLE = Automatic;
				DEVELOPMENT_TEAM = 345KV6SH8T;
				INFOPLIST_FILE = ZWMSegmentControllerUITests/Info.plist;
				LD_RUNPATH_SEARCH_PATHS = "$(inherited) @executable_path/Frameworks @loader_path/Frameworks";
				PRODUCT_BUNDLE_IDENTIFIER = com.zingrow.ZWMSegmentControllerUITests;
				PRODUCT_NAME = "$(TARGET_NAME)";
				TARGETED_DEVICE_FAMILY = "1,2";
				TEST_TARGET_NAME = ZWMSegmentController;
			};
			name = Debug;
		};
		7C8F8E471FC6BB7C004ED05D /* Release */ = {
			isa = XCBuildConfiguration;
			buildSettings = {
				CODE_SIGN_STYLE = Automatic;
				DEVELOPMENT_TEAM = 345KV6SH8T;
				INFOPLIST_FILE = ZWMSegmentControllerUITests/Info.plist;
				LD_RUNPATH_SEARCH_PATHS = "$(inherited) @executable_path/Frameworks @loader_path/Frameworks";
				PRODUCT_BUNDLE_IDENTIFIER = com.zingrow.ZWMSegmentControllerUITests;
				PRODUCT_NAME = "$(TARGET_NAME)";
				TARGETED_DEVICE_FAMILY = "1,2";
				TEST_TARGET_NAME = ZWMSegmentController;
			};
			name = Release;
		};
/* End XCBuildConfiguration section */

/* Begin XCConfigurationList section */
		7C8F8E1C1FC6BB78004ED05D /* Build configuration list for PBXProject "ZWMSegmentController" */ = {
			isa = XCConfigurationList;
			buildConfigurations = (
				7C8F8E401FC6BB7C004ED05D /* Debug */,
				7C8F8E411FC6BB7C004ED05D /* Release */,
			);
			defaultConfigurationIsVisible = 0;
			defaultConfigurationName = Release;
		};
		7C8F8E421FC6BB7C004ED05D /* Build configuration list for PBXNativeTarget "ZWMSegmentController" */ = {
			isa = XCConfigurationList;
			buildConfigurations = (
				7C8F8E431FC6BB7C004ED05D /* Debug */,
				7C8F8E441FC6BB7C004ED05D /* Release */,
			);
			defaultConfigurationIsVisible = 0;
			defaultConfigurationName = Release;
		};
		7C8F8E451FC6BB7C004ED05D /* Build configuration list for PBXNativeTarget "ZWMSegmentControllerUITests" */ = {
			isa = XCConfigurationList;
			buildConfigurations = (
				7C8F8E461FC6BB7C004ED05D /* Debug */,
				7C8F8E471FC6BB7C004ED05D /* Release */,
			);
			defaultConfigurationIsVisible = 0;
			defaultConfigurationName = Release;
		};
/* End XCConfigurationList section */
	};
	rootObject = 7C8F8E191FC6BB78004ED05D /* Project object */;
}
